
Microsoft Visual Studio Solution File, Format Version 12.00
# Visual Studio Version 17
VisualStudioVersion = 17.13.36105.23
MinimumVisualStudioVersion = 10.0.40219.1
Project("{FAE04EC0-301F-11D3-BF4B-00C04F79EFBC}") = "TerraMedia.Api", "TerraMedia.Api\TerraMedia.Api.csproj", "{874A6CBD-75EF-4FBE-96FE-59BD04660CFB}"
	ProjectSection(ProjectDependencies) = postProject
		{292CD188-F432-41E7-B728-77EDA5EB622A} = {292CD188-F432-41E7-B728-77EDA5EB622A}
		{5111519E-38BC-4495-9C06-DAD147CED467} = {5111519E-38BC-4495-9C06-DAD147CED467}
		{BD51391C-3474-4736-A6CD-EB6B7F0936C3} = {BD51391C-3474-4736-A6CD-EB6B7F0936C3}
		{C421E080-A1A3-4E79-83E2-02756B97A002} = {C421E080-A1A3-4E79-83E2-02756B97A002}
	EndProjectSection
EndProject
Project("{FAE04EC0-301F-11D3-BF4B-00C04F79EFBC}") = "TerraMedia.Domain", "TerraMedia.Domain\TerraMedia.Domain.csproj", "{C421E080-A1A3-4E79-83E2-02756B97A002}"
EndProject
Project("{FAE04EC0-301F-11D3-BF4B-00C04F79EFBC}") = "TerraMedia.Application", "TerraMedia.Application\TerraMedia.Application.csproj", "{5111519E-38BC-4495-9C06-DAD147CED467}"
EndProject
Project("{FAE04EC0-301F-11D3-BF4B-00C04F79EFBC}") = "TerraMedia.Infrastructure", "TerraMedia.Infrastructure\TerraMedia.Infrastructure.csproj", "{292CD188-F432-41E7-B728-77EDA5EB622A}"
	ProjectSection(ProjectDependencies) = postProject
		{C421E080-A1A3-4E79-83E2-02756B97A002} = {C421E080-A1A3-4E79-83E2-02756B97A002}
	EndProjectSection
EndProject
Project("{FAE04EC0-301F-11D3-BF4B-00C04F79EFBC}") = "TerraMedia.Integration", "TerraMedia.Integration\TerraMedia.Integration.csproj", "{BD51391C-3474-4736-A6CD-EB6B7F0936C3}"
	ProjectSection(ProjectDependencies) = postProject
		{5111519E-38BC-4495-9C06-DAD147CED467} = {5111519E-38BC-4495-9C06-DAD147CED467}
	EndProjectSection
EndProject
Project("{FAE04EC0-301F-11D3-BF4B-00C04F79EFBC}") = "TerraMedia.Domain.Tests", "TerraMedia.Domain.Tests\TerraMedia.Domain.Tests.csproj", "{C5FB3831-FD6A-4043-9BE6-CF0D53FEACA7}"
EndProject
Project("{2150E333-8FDC-42A3-9474-1A3956D46DE8}") = "tests", "tests", "{02EA681E-C7D8-13C7-8484-4AC65E1B71E8}"
EndProject
Project("{2150E333-8FDC-42A3-9474-1A3956D46DE8}") = "src", "src", "{BF5804CB-DAE6-4AA9-A54D-183449F6D1BB}"
EndProject
Project("{FAE04EC0-301F-11D3-BF4B-00C04F79EFBC}") = "TerraMedia.Infrastructure.Tests", "TerraMedia.Infrastructure.Tests\TerraMedia.Infrastructure.Tests.csproj", "{EC43DF9A-4FDB-4F5E-90EA-D19C401D39CC}"
	ProjectSection(ProjectDependencies) = postProject
		{292CD188-F432-41E7-B728-77EDA5EB622A} = {292CD188-F432-41E7-B728-77EDA5EB622A}
	EndProjectSection
EndProject
Project("{FAE04EC0-301F-11D3-BF4B-00C04F79EFBC}") = "TerraMedia.Integration.Tests", "TerraMedia.Integration.Tests\TerraMedia.Integration.Tests.csproj", "{87685501-3A49-41B7-94EC-039836B1AA60}"
EndProject
Project("{FAE04EC0-301F-11D3-BF4B-00C04F79EFBC}") = "TerraMedia.Api.Tests", "TerraMedia.Api.Tests\TerraMedia.Api.Tests.csproj", "{01441ECB-9898-43BE-A251-78B22E362BD5}"
	ProjectSection(ProjectDependencies) = postProject
		{292CD188-F432-41E7-B728-77EDA5EB622A} = {292CD188-F432-41E7-B728-77EDA5EB622A}
		{874A6CBD-75EF-4FBE-96FE-59BD04660CFB} = {874A6CBD-75EF-4FBE-96FE-59BD04660CFB}
		{BD51391C-3474-4736-A6CD-EB6B7F0936C3} = {BD51391C-3474-4736-A6CD-EB6B7F0936C3}
		{C421E080-A1A3-4E79-83E2-02756B97A002} = {C421E080-A1A3-4E79-83E2-02756B97A002}
	EndProjectSection
EndProject
Project("{FAE04EC0-301F-11D3-BF4B-00C04F79EFBC}") = "TerraMedia.Application.Tests", "TerraMedia.Application.Tests\TerraMedia.Application.Tests.csproj", "{60AF9DD6-01FC-47B8-97CA-883E27A9D99A}"
	ProjectSection(ProjectDependencies) = postProject
		{5111519E-38BC-4495-9C06-DAD147CED467} = {5111519E-38BC-4495-9C06-DAD147CED467}
		{C421E080-A1A3-4E79-83E2-02756B97A002} = {C421E080-A1A3-4E79-83E2-02756B97A002}
	EndProjectSection
EndProject
Global
	GlobalSection(SolutionConfigurationPlatforms) = preSolution
		Debug|Any CPU = Debug|Any CPU
		Release|Any CPU = Release|Any CPU
	EndGlobalSection
	GlobalSection(ProjectConfigurationPlatforms) = postSolution
		{874A6CBD-75EF-4FBE-96FE-59BD04660CFB}.Debug|Any CPU.ActiveCfg = Debug|Any CPU
		{874A6CBD-75EF-4FBE-96FE-59BD04660CFB}.Debug|Any CPU.Build.0 = Debug|Any CPU
		{874A6CBD-75EF-4FBE-96FE-59BD04660CFB}.Release|Any CPU.ActiveCfg = Release|Any CPU
		{874A6CBD-75EF-4FBE-96FE-59BD04660CFB}.Release|Any CPU.Build.0 = Release|Any CPU
		{C421E080-A1A3-4E79-83E2-02756B97A002}.Debug|Any CPU.ActiveCfg = Debug|Any CPU
		{C421E080-A1A3-4E79-83E2-02756B97A002}.Debug|Any CPU.Build.0 = Debug|Any CPU
		{C421E080-A1A3-4E79-83E2-02756B97A002}.Release|Any CPU.ActiveCfg = Release|Any CPU
		{C421E080-A1A3-4E79-83E2-02756B97A002}.Release|Any CPU.Build.0 = Release|Any CPU
		{5111519E-38BC-4495-9C06-DAD147CED467}.Debug|Any CPU.ActiveCfg = Debug|Any CPU
		{5111519E-38BC-4495-9C06-DAD147CED467}.Debug|Any CPU.Build.0 = Debug|Any CPU
		{5111519E-38BC-4495-9C06-DAD147CED467}.Release|Any CPU.ActiveCfg = Release|Any CPU
		{5111519E-38BC-4495-9C06-DAD147CED467}.Release|Any CPU.Build.0 = Release|Any CPU
		{292CD188-F432-41E7-B728-77EDA5EB622A}.Debug|Any CPU.ActiveCfg = Debug|Any CPU
		{292CD188-F432-41E7-B728-77EDA5EB622A}.Debug|Any CPU.Build.0 = Debug|Any CPU
		{292CD188-F432-41E7-B728-77EDA5EB622A}.Release|Any CPU.ActiveCfg = Release|Any CPU
		{292CD188-F432-41E7-B728-77EDA5EB622A}.Release|Any CPU.Build.0 = Release|Any CPU
		{BD51391C-3474-4736-A6CD-EB6B7F0936C3}.Debug|Any CPU.ActiveCfg = Debug|Any CPU
		{BD51391C-3474-4736-A6CD-EB6B7F0936C3}.Debug|Any CPU.Build.0 = Debug|Any CPU
		{BD51391C-3474-4736-A6CD-EB6B7F0936C3}.Release|Any CPU.ActiveCfg = Release|Any CPU
		{BD51391C-3474-4736-A6CD-EB6B7F0936C3}.Release|Any CPU.Build.0 = Release|Any CPU
		{C5FB3831-FD6A-4043-9BE6-CF0D53FEACA7}.Debug|Any CPU.ActiveCfg = Debug|Any CPU
		{C5FB3831-FD6A-4043-9BE6-CF0D53FEACA7}.Debug|Any CPU.Build.0 = Debug|Any CPU
		{C5FB3831-FD6A-4043-9BE6-CF0D53FEACA7}.Release|Any CPU.ActiveCfg = Release|Any CPU
		{C5FB3831-FD6A-4043-9BE6-CF0D53FEACA7}.Release|Any CPU.Build.0 = Release|Any CPU
		{EC43DF9A-4FDB-4F5E-90EA-D19C401D39CC}.Debug|Any CPU.ActiveCfg = Debug|Any CPU
		{EC43DF9A-4FDB-4F5E-90EA-D19C401D39CC}.Debug|Any CPU.Build.0 = Debug|Any CPU
		{EC43DF9A-4FDB-4F5E-90EA-D19C401D39CC}.Release|Any CPU.ActiveCfg = Release|Any CPU
		{EC43DF9A-4FDB-4F5E-90EA-D19C401D39CC}.Release|Any CPU.Build.0 = Release|Any CPU
		{87685501-3A49-41B7-94EC-039836B1AA60}.Debug|Any CPU.ActiveCfg = Debug|Any CPU
		{87685501-3A49-41B7-94EC-039836B1AA60}.Debug|Any CPU.Build.0 = Debug|Any CPU
		{87685501-3A49-41B7-94EC-039836B1AA60}.Release|Any CPU.ActiveCfg = Release|Any CPU
		{87685501-3A49-41B7-94EC-039836B1AA60}.Release|Any CPU.Build.0 = Release|Any CPU
		{01441ECB-9898-43BE-A251-78B22E362BD5}.Debug|Any CPU.ActiveCfg = Debug|Any CPU
		{01441ECB-9898-43BE-A251-78B22E362BD5}.Debug|Any CPU.Build.0 = Debug|Any CPU
		{01441ECB-9898-43BE-A251-78B22E362BD5}.Release|Any CPU.ActiveCfg = Release|Any CPU
		{01441ECB-9898-43BE-A251-78B22E362BD5}.Release|Any CPU.Build.0 = Release|Any CPU
		{60AF9DD6-01FC-47B8-97CA-883E27A9D99A}.Debug|Any CPU.ActiveCfg = Debug|Any CPU
		{60AF9DD6-01FC-47B8-97CA-883E27A9D99A}.Debug|Any CPU.Build.0 = Debug|Any CPU
		{60AF9DD6-01FC-47B8-97CA-883E27A9D99A}.Release|Any CPU.ActiveCfg = Release|Any CPU
		{60AF9DD6-01FC-47B8-97CA-883E27A9D99A}.Release|Any CPU.Build.0 = Release|Any CPU
	EndGlobalSection
	GlobalSection(SolutionProperties) = preSolution
		HideSolutionNode = FALSE
	EndGlobalSection
	GlobalSection(NestedProjects) = preSolution
		{874A6CBD-75EF-4FBE-96FE-59BD04660CFB} = {BF5804CB-DAE6-4AA9-A54D-183449F6D1BB}
		{C421E080-A1A3-4E79-83E2-02756B97A002} = {BF5804CB-DAE6-4AA9-A54D-183449F6D1BB}
		{5111519E-38BC-4495-9C06-DAD147CED467} = {BF5804CB-DAE6-4AA9-A54D-183449F6D1BB}
		{292CD188-F432-41E7-B728-77EDA5EB622A} = {BF5804CB-DAE6-4AA9-A54D-183449F6D1BB}
		{BD51391C-3474-4736-A6CD-EB6B7F0936C3} = {BF5804CB-DAE6-4AA9-A54D-183449F6D1BB}
		{C5FB3831-FD6A-4043-9BE6-CF0D53FEACA7} = {02EA681E-C7D8-13C7-8484-4AC65E1B71E8}
		{EC43DF9A-4FDB-4F5E-90EA-D19C401D39CC} = {02EA681E-C7D8-13C7-8484-4AC65E1B71E8}
		{87685501-3A49-41B7-94EC-039836B1AA60} = {02EA681E-C7D8-13C7-8484-4AC65E1B71E8}
		{01441ECB-9898-43BE-A251-78B22E362BD5} = {02EA681E-C7D8-13C7-8484-4AC65E1B71E8}
		{60AF9DD6-01FC-47B8-97CA-883E27A9D99A} = {02EA681E-C7D8-13C7-8484-4AC65E1B71E8}
	EndGlobalSection
	GlobalSection(ExtensibilityGlobals) = postSolution
		SolutionGuid = {A76CCB6A-8DA2-4676-B18D-D2778CA4FABD}
	EndGlobalSection
EndGlobal
